
Microsoft Visual Studio Solution File, Format Version 12.00
# Visual Studio Version 16
VisualStudioVersion = 16.0.30503.244
MinimumVisualStudioVersion = 10.0.40219.1
Project("{FAE04EC0-301F-11D3-BF4B-00C04F79EFBC}") = "3 практика 1 задание", "3 практика 1 задание\3 практика 1 задание.csproj", "{53D828F7-AD17-4077-9A42-F4A7FFCA45DB}"
EndProject
Global
	GlobalSection(SolutionConfigurationPlatforms) = preSolution
		Debug|Any CPU = Debug|Any CPU
		Release|Any CPU = Release|Any CPU
	EndGlobalSection
	GlobalSection(ProjectConfigurationPlatforms) = postSolution
		{53D828F7-AD17-4077-9A42-F4A7FFCA45DB}.Debug|Any CPU.ActiveCfg = Debug|Any CPU
		{53D828F7-AD17-4077-9A42-F4A7FFCA45DB}.Debug|Any CPU.Build.0 = Debug|Any CPU
		{53D828F7-AD17-4077-9A42-F4A7FFCA45DB}.Release|Any CPU.ActiveCfg = Release|Any CPU
		{53D828F7-AD17-4077-9A42-F4A7FFCA45DB}.Release|Any CPU.Build.0 = Release|Any CPU
	EndGlobalSection
	GlobalSection(SolutionProperties) = preSolution
		HideSolutionNode = FALSE
	EndGlobalSection
	GlobalSection(ExtensibilityGlobals) = postSolution
		SolutionGuid = {B6F2168C-6300-47E7-BAB2-55740F09CC25}
	EndGlobalSection
EndGlobal
