
Microsoft Visual Studio Solution File, Format Version 12.00
# Visual Studio Version 16
VisualStudioVersion = 16.0.30523.141
MinimumVisualStudioVersion = 10.0.40219.1
Project("{FAE04EC0-301F-11D3-BF4B-00C04F79EFBC}") = "практика 8", "практика 8\практика 8.csproj", "{B8123417-9DBE-4E68-95CF-81D100E12E24}"
EndProject
Global
	GlobalSection(SolutionConfigurationPlatforms) = preSolution
		Debug|Any CPU = Debug|Any CPU
		Release|Any CPU = Release|Any CPU
	EndGlobalSection
	GlobalSection(ProjectConfigurationPlatforms) = postSolution
		{B8123417-9DBE-4E68-95CF-81D100E12E24}.Debug|Any CPU.ActiveCfg = Debug|Any CPU
		{B8123417-9DBE-4E68-95CF-81D100E12E24}.Debug|Any CPU.Build.0 = Debug|Any CPU
		{B8123417-9DBE-4E68-95CF-81D100E12E24}.Release|Any CPU.ActiveCfg = Release|Any CPU
		{B8123417-9DBE-4E68-95CF-81D100E12E24}.Release|Any CPU.Build.0 = Release|Any CPU
	EndGlobalSection
	GlobalSection(SolutionProperties) = preSolution
		HideSolutionNode = FALSE
	EndGlobalSection
	GlobalSection(ExtensibilityGlobals) = postSolution
		SolutionGuid = {51DE16BB-65E3-4867-9DC0-0FF9A35283F3}
	EndGlobalSection
EndGlobal
