
Microsoft Visual Studio Solution File, Format Version 12.00
# Visual Studio Version 16
VisualStudioVersion = 16.0.30523.141
MinimumVisualStudioVersion = 10.0.40219.1
Project("{FAE04EC0-301F-11D3-BF4B-00C04F79EFBC}") = "Мессенджер", "Мессенджер\Мессенджер.csproj", "{148928A5-7D07-4C87-A68A-78D8F8C8BEE7}"
EndProject
Project("{FAE04EC0-301F-11D3-BF4B-00C04F79EFBC}") = "Чат", "Чат\Чат.csproj", "{69172C31-D6C7-4CA5-A86A-7670B6A3C18D}"
EndProject
Global
	GlobalSection(SolutionConfigurationPlatforms) = preSolution
		Debug|Any CPU = Debug|Any CPU
		Release|Any CPU = Release|Any CPU
	EndGlobalSection
	GlobalSection(ProjectConfigurationPlatforms) = postSolution
		{148928A5-7D07-4C87-A68A-78D8F8C8BEE7}.Debug|Any CPU.ActiveCfg = Debug|Any CPU
		{148928A5-7D07-4C87-A68A-78D8F8C8BEE7}.Debug|Any CPU.Build.0 = Debug|Any CPU
		{148928A5-7D07-4C87-A68A-78D8F8C8BEE7}.Release|Any CPU.ActiveCfg = Release|Any CPU
		{148928A5-7D07-4C87-A68A-78D8F8C8BEE7}.Release|Any CPU.Build.0 = Release|Any CPU
		{69172C31-D6C7-4CA5-A86A-7670B6A3C18D}.Debug|Any CPU.ActiveCfg = Debug|Any CPU
		{69172C31-D6C7-4CA5-A86A-7670B6A3C18D}.Debug|Any CPU.Build.0 = Debug|Any CPU
		{69172C31-D6C7-4CA5-A86A-7670B6A3C18D}.Release|Any CPU.ActiveCfg = Release|Any CPU
		{69172C31-D6C7-4CA5-A86A-7670B6A3C18D}.Release|Any CPU.Build.0 = Release|Any CPU
	EndGlobalSection
	GlobalSection(SolutionProperties) = preSolution
		HideSolutionNode = FALSE
	EndGlobalSection
	GlobalSection(ExtensibilityGlobals) = postSolution
		SolutionGuid = {5ECD2DD9-C3ED-4044-B262-3BAB1CA1DF62}
	EndGlobalSection
EndGlobal
